<?xml version="1.0" encoding="utf-8"?>
<Project ToolsVersion="4.0" xmlns="http://schemas.microsoft.com/developer/msbuild/2003">
  <ItemGroup>
    <Filter Include="Form Files">
      <UniqueIdentifier>{99349809-55BA-4b9d-BF79-8FDBB0286EB3}</UniqueIdentifier>
      <Extensions>ui</Extensions>
      <ParseFiles>false</ParseFiles>
    </Filter>
    <Filter Include="Form Files">
      <UniqueIdentifier>{99349809-55BA-4b9d-BF79-8FDBB0286EB3}</UniqueIdentifier>
      <Extensions>ui</Extensions>
      <ParseFiles>false</ParseFiles>
    </Filter>
    <Filter Include="Generated Files">
      <UniqueIdentifier>{71ED8ED8-ACB9-4CE9-BBE1-E00B30144E11}</UniqueIdentifier>
      <Extensions>cpp;c;cxx;moc;h;def;odl;idl;res;</Extensions>
    </Filter>
    <Filter Include="Generated Files">
      <UniqueIdentifier>{71ED8ED8-ACB9-4CE9-BBE1-E00B30144E11}</UniqueIdentifier>
      <Extensions>cpp;c;cxx;moc;h;def;odl;idl;res;</Extensions>
    </Filter>
    <Filter Include="Header Files">
      <UniqueIdentifier>{93995380-89BD-4b04-88EB-625FBE52EBFB}</UniqueIdentifier>
      <Extensions>h;hpp;hxx;hm;inl;inc;xsd</Extensions>
    </Filter>
    <Filter Include="Header Files">
      <UniqueIdentifier>{93995380-89BD-4b04-88EB-625FBE52EBFB}</UniqueIdentifier>
      <Extensions>h;hpp;hxx;hm;inl;inc;xsd</Extensions>
    </Filter>
    <Filter Include="Resource Files">
      <UniqueIdentifier>{D9D6E242-F8AF-46E4-B9FD-80ECBC20BA3E}</UniqueIdentifier>
      <Extensions>qrc;*</Extensions>
      <ParseFiles>false</ParseFiles>
    </Filter>
    <Filter Include="Resource Files">
      <UniqueIdentifier>{D9D6E242-F8AF-46E4-B9FD-80ECBC20BA3E}</UniqueIdentifier>
      <Extensions>qrc;*</Extensions>
      <ParseFiles>false</ParseFiles>
    </Filter>
    <Filter Include="Source Files">
      <UniqueIdentifier>{4FC737F1-C7A5-4376-A066-2A32D752A2FF}</UniqueIdentifier>
      <Extensions>cpp;c;cxx;def;odl;idl;hpj;bat;asm;asmx</Extensions>
    </Filter>
    <Filter Include="Source Files">
      <UniqueIdentifier>{4FC737F1-C7A5-4376-A066-2A32D752A2FF}</UniqueIdentifier>
      <Extensions>cpp;c;cxx;def;odl;idl;hpj;bat;asm;asmx</Extensions>
    </Filter>
    <Filter Include="Translation Files">
      <UniqueIdentifier>{639EADAA-A684-42e4-A9AD-28FC9BCB8F7C}</UniqueIdentifier>
      <Extensions>ts;xlf</Extensions>
      <ParseFiles>false</ParseFiles>
    </Filter>
    <Filter Include="Translation Files">
      <UniqueIdentifier>{639EADAA-A684-42e4-A9AD-28FC9BCB8F7C}</UniqueIdentifier>
      <Extensions>ts;xlf</Extensions>
      <ParseFiles>false</ParseFiles>
    </Filter>
  </ItemGroup>
  <ItemGroup>
    <ClCompile Include="application.cpp">
      <Filter>Source Files</Filter>
    </ClCompile>
    <ClCompile Include="bibrecipe.cpp">
      <Filter>Source Files</Filter>
    </ClCompile>
    <ClCompile Include="errormessage.cpp">
      <Filter>Source Files</Filter>
    </ClCompile>
    <ClCompile Include="generalrecipe.cpp">
      <Filter>Source Files</Filter>
    </ClCompile>
    <ClCompile Include="instrecipe.cpp">
      <Filter>Source Files</Filter>
    </ClCompile>
    <ClCompile Include="main.cpp">
      <Filter>Source Files</Filter>
    </ClCompile>
    <ClCompile Include="mainwindow.cpp">
      <Filter>Source Files</Filter>
    </ClCompile>
    <ClCompile Include="message.cpp">
      <Filter>Source Files</Filter>
    </ClCompile>
    <ClCompile Include="parametermsg.cpp">
      <Filter>Source Files</Filter>
    </ClCompile>
    <ClCompile Include="qextserialenumerator.cpp">
      <Filter>Source Files</Filter>
    </ClCompile>
    <ClCompile Include="qextserialenumerator_win.cpp">
      <Filter>Source Files</Filter>
    </ClCompile>
    <ClCompile Include="qextserialport.cpp">
      <Filter>Source Files</Filter>
    </ClCompile>
    <ClCompile Include="qextserialport_win.cpp">
      <Filter>Source Files</Filter>
    </ClCompile>
    <ClCompile Include="stringmessage.cpp">
      <Filter>Source Files</Filter>
    </ClCompile>
    <ClCompile Include="wbsd_serial_port.cpp">
      <Filter>Source Files</Filter>
    </ClCompile>
    <ClCompile Include="wbsdbasewindow.cpp">
      <Filter>Source Files</Filter>
    </ClCompile>
    <ClCompile Include="wbsdboilerwindow.cpp">
      <Filter>Source Files</Filter>
    </ClCompile>
    <ClCompile Include="wbsdbuttoncounters.cpp">
      <Filter>Source Files</Filter>
    </ClCompile>
    <ClCompile Include="wbsdbuttontestwindow.cpp">
      <Filter>Source Files</Filter>
    </ClCompile>
    <ClCompile Include="wbsdchildwindow.cpp">
      <Filter>Source Files</Filter>
    </ClCompile>
    <ClCompile Include="wbsdcleaningwindow.cpp">
      <Filter>Source Files</Filter>
    </ClCompile>
    <ClCompile Include="wbsdcoolingwindow.cpp">
      <Filter>Source Files</Filter>
    </ClCompile>
    <ClCompile Include="wbsdcounterswindow.cpp">
      <Filter>Source Files</Filter>
    </ClCompile>
    <ClCompile Include="wbsddisplayoptwindow.cpp">
      <Filter>Source Files</Filter>
    </ClCompile>
    <ClCompile Include="wbsddisplaywindow.cpp">
      <Filter>Source Files</Filter>
    </ClCompile>
    <ClCompile Include="wbsddoserwindow.cpp">
      <Filter>Source Files</Filter>
    </ClCompile>
    <ClCompile Include="wbsddrink1_1window.cpp">
      <Filter>Source Files</Filter>
    </ClCompile>
    <ClCompile Include="wbsddrinkwindow.cpp">
      <Filter>Source Files</Filter>
    </ClCompile>
    <ClCompile Include="wbsdecowindow.cpp">
      <Filter>Source Files</Filter>
    </ClCompile>
    <ClCompile Include="wbsderrorwindow.cpp">
      <Filter>Source Files</Filter>
    </ClCompile>
    <ClCompile Include="wbsdgeneralwindow.cpp">
      <Filter>Source Files</Filter>
    </ClCompile>
    <ClCompile Include="wbsdheaterwindow.cpp">
      <Filter>Source Files</Filter>
    </ClCompile>
    <ClCompile Include="wbsdinstantwindow.cpp">
      <Filter>Source Files</Filter>
    </ClCompile>
    <ClCompile Include="wbsdmainwindow.cpp">
      <Filter>Source Files</Filter>
    </ClCompile>
    <ClCompile Include="wbsdmixerswindow.cpp">
      <Filter>Source Files</Filter>
    </ClCompile>
    <ClCompile Include="wbsdoutletwindow.cpp">
      <Filter>Source Files</Filter>
    </ClCompile>
    <ClCompile Include="wbsdpumpwindow.cpp">
      <Filter>Source Files</Filter>
    </ClCompile>
    <ClCompile Include="wbsdstartpage.cpp">
      <Filter>Source Files</Filter>
    </ClCompile>
    <ClCompile Include="wbsdtestingwindow.cpp">
      <Filter>Source Files</Filter>
    </ClCompile>
    <ClCompile Include="wbsdtimewindow.cpp">
      <Filter>Source Files</Filter>
    </ClCompile>
    <ClCompile Include="wbsdversionwindow.cpp">
      <Filter>Source Files</Filter>
    </ClCompile>
    <ClCompile Include="wbsdwaterwindow.cpp">
      <Filter>Source Files</Filter>
    </ClCompile>
    <ClCompile Include="wbsdwidget.cpp">
      <Filter>Source Files</Filter>
    </ClCompile>
  </ItemGroup>
  <ItemGroup>
    <CustomBuild Include="application.h">
      <Filter>Header Files</Filter>
    </CustomBuild>
    <CustomBuild Include="bibrecipe.h">
      <Filter>Header Files</Filter>
    </CustomBuild>
    <ClInclude Include="errormessage.h">
      <Filter>Header Files</Filter>
    </ClInclude>
    <CustomBuild Include="generalrecipe.h">
      <Filter>Header Files</Filter>
    </CustomBuild>
    <CustomBuild Include="instrecipe.h">
      <Filter>Header Files</Filter>
    </CustomBuild>
    <CustomBuild Include="mainwindow.h">
      <Filter>Header Files</Filter>
    </CustomBuild>
    <ClInclude Include="message.h">
      <Filter>Header Files</Filter>
    </ClInclude>
    <ClInclude Include="parametermsg.h">
      <Filter>Header Files</Filter>
    </ClInclude>
    <CustomBuild Include="qextserialenumerator.h">
      <Filter>Header Files</Filter>
    </CustomBuild>
    <ClInclude Include="qextserialenumerator_p.h">
      <Filter>Header Files</Filter>
    </ClInclude>
    <CustomBuild Include="qextserialport.h">
      <Filter>Header Files</Filter>
    </CustomBuild>
    <ClInclude Include="qextserialport_global.h">
      <Filter>Header Files</Filter>
    </ClInclude>
    <ClInclude Include="qextserialport_p.h">
      <Filter>Header Files</Filter>
    </ClInclude>
    <ClInclude Include="stringmessage.h">
      <Filter>Header Files</Filter>
    </ClInclude>
    <CustomBuild Include="wbsd_serial_port.h">
      <Filter>Header Files</Filter>
    </CustomBuild>
    <CustomBuild Include="wbsdbasewindow.h">
      <Filter>Header Files</Filter>
    </CustomBuild>
    <CustomBuild Include="wbsdboilerwindow.h">
      <Filter>Header Files</Filter>
    </CustomBuild>
    <CustomBuild Include="wbsdbuttoncounters.h">
      <Filter>Header Files</Filter>
    </CustomBuild>
    <CustomBuild Include="wbsdbuttontestwindow.h">
      <Filter>Header Files</Filter>
    </CustomBuild>
    <CustomBuild Include="wbsdchildwindow.h">
      <Filter>Header Files</Filter>
    </CustomBuild>
    <CustomBuild Include="wbsdcleaningwindow.h">
      <Filter>Header Files</Filter>
    </CustomBuild>
    <CustomBuild Include="wbsdcoolingwindow.h">
      <Filter>Header Files</Filter>
    </CustomBuild>
    <CustomBuild Include="wbsdcounterswindow.h">
      <Filter>Header Files</Filter>
    </CustomBuild>
    <CustomBuild Include="wbsddisplayoptwindow.h">
      <Filter>Header Files</Filter>
    </CustomBuild>
    <CustomBuild Include="wbsddisplaywindow.h">
      <Filter>Header Files</Filter>
    </CustomBuild>
    <CustomBuild Include="wbsddoserwindow.h">
      <Filter>Header Files</Filter>
    </CustomBuild>
    <CustomBuild Include="wbsddrink1_1window.h">
      <Filter>Header Files</Filter>
    </CustomBuild>
    <CustomBuild Include="wbsddrinkwindow.h">
      <Filter>Header Files</Filter>
    </CustomBuild>
    <CustomBuild Include="wbsdecowindow.h">
      <Filter>Header Files</Filter>
    </CustomBuild>
    <CustomBuild Include="wbsderrorwindow.h">
      <Filter>Header Files</Filter>
    </CustomBuild>
    <CustomBuild Include="wbsdgeneralwindow.h">
      <Filter>Header Files</Filter>
    </CustomBuild>
    <CustomBuild Include="wbsdheaterwindow.h">
      <Filter>Header Files</Filter>
    </CustomBuild>
    <CustomBuild Include="wbsdinstantwindow.h">
      <Filter>Header Files</Filter>
    </CustomBuild>
    <CustomBuild Include="wbsdmainwindow.h">
      <Filter>Header Files</Filter>
    </CustomBuild>
    <CustomBuild Include="wbsdmixerswindow.h">
      <Filter>Header Files</Filter>
    </CustomBuild>
    <CustomBuild Include="wbsdoutletwindow.h">
      <Filter>Header Files</Filter>
    </CustomBuild>
    <CustomBuild Include="wbsdpumpwindow.h">
      <Filter>Header Files</Filter>
    </CustomBuild>
    <CustomBuild Include="wbsdstartpage.h">
      <Filter>Header Files</Filter>
    </CustomBuild>
    <CustomBuild Include="wbsdtestingwindow.h">
      <Filter>Header Files</Filter>
    </CustomBuild>
    <CustomBuild Include="wbsdtimewindow.h">
      <Filter>Header Files</Filter>
    </CustomBuild>
    <CustomBuild Include="wbsdversionwindow.h">
      <Filter>Header Files</Filter>
    </CustomBuild>
    <CustomBuild Include="wbsdwaterwindow.h">
      <Filter>Header Files</Filter>
    </CustomBuild>
    <CustomBuild Include="wbsdwidget.h">
      <Filter>Header Files</Filter>
    </CustomBuild>
  </ItemGroup>
  <ItemGroup>
    <ClCompile Include="debug\moc_application.cpp">
      <Filter>Generated Files</Filter>
    </ClCompile>
    <ClCompile Include="release\moc_application.cpp">
      <Filter>Generated Files</Filter>
    </ClCompile>
    <ClCompile Include="debug\moc_bibrecipe.cpp">
      <Filter>Generated Files</Filter>
    </ClCompile>
    <ClCompile Include="release\moc_bibrecipe.cpp">
      <Filter>Generated Files</Filter>
    </ClCompile>
    <ClCompile Include="debug\moc_generalrecipe.cpp">
      <Filter>Generated Files</Filter>
    </ClCompile>
    <ClCompile Include="release\moc_generalrecipe.cpp">
      <Filter>Generated Files</Filter>
    </ClCompile>
    <ClCompile Include="debug\moc_instrecipe.cpp">
      <Filter>Generated Files</Filter>
    </ClCompile>
    <ClCompile Include="release\moc_instrecipe.cpp">
      <Filter>Generated Files</Filter>
    </ClCompile>
    <ClCompile Include="debug\moc_mainwindow.cpp">
      <Filter>Generated Files</Filter>
    </ClCompile>
    <ClCompile Include="release\moc_mainwindow.cpp">
      <Filter>Generated Files</Filter>
    </ClCompile>
    <ClCompile Include="debug\moc_wbsd_serial_port.cpp">
      <Filter>Generated Files</Filter>
    </ClCompile>
    <ClCompile Include="release\moc_wbsd_serial_port.cpp">
      <Filter>Generated Files</Filter>
    </ClCompile>
    <ClCompile Include="debug\moc_wbsdbasewindow.cpp">
      <Filter>Generated Files</Filter>
    </ClCompile>
    <ClCompile Include="release\moc_wbsdbasewindow.cpp">
      <Filter>Generated Files</Filter>
    </ClCompile>
    <ClCompile Include="debug\moc_wbsdboilerwindow.cpp">
      <Filter>Generated Files</Filter>
    </ClCompile>
    <ClCompile Include="release\moc_wbsdboilerwindow.cpp">
      <Filter>Generated Files</Filter>
    </ClCompile>
    <ClCompile Include="debug\moc_wbsdbuttoncounters.cpp">
      <Filter>Generated Files</Filter>
    </ClCompile>
    <ClCompile Include="release\moc_wbsdbuttoncounters.cpp">
      <Filter>Generated Files</Filter>
    </ClCompile>
    <ClCompile Include="debug\moc_wbsdbuttontestwindow.cpp">
      <Filter>Generated Files</Filter>
    </ClCompile>
    <ClCompile Include="release\moc_wbsdbuttontestwindow.cpp">
      <Filter>Generated Files</Filter>
    </ClCompile>
    <ClCompile Include="debug\moc_wbsdchildwindow.cpp">
      <Filter>Generated Files</Filter>
    </ClCompile>
    <ClCompile Include="release\moc_wbsdchildwindow.cpp">
      <Filter>Generated Files</Filter>
    </ClCompile>
    <ClCompile Include="debug\moc_wbsdcleaningwindow.cpp">
      <Filter>Generated Files</Filter>
    </ClCompile>
    <ClCompile Include="release\moc_wbsdcleaningwindow.cpp">
      <Filter>Generated Files</Filter>
    </ClCompile>
    <ClCompile Include="debug\moc_wbsdcoolingwindow.cpp">
      <Filter>Generated Files</Filter>
    </ClCompile>
    <ClCompile Include="release\moc_wbsdcoolingwindow.cpp">
      <Filter>Generated Files</Filter>
    </ClCompile>
    <ClCompile Include="debug\moc_wbsdcounterswindow.cpp">
      <Filter>Generated Files</Filter>
    </ClCompile>
    <ClCompile Include="release\moc_wbsdcounterswindow.cpp">
      <Filter>Generated Files</Filter>
    </ClCompile>
    <ClCompile Include="debug\moc_wbsddisplayoptwindow.cpp">
      <Filter>Generated Files</Filter>
    </ClCompile>
    <ClCompile Include="release\moc_wbsddisplayoptwindow.cpp">
      <Filter>Generated Files</Filter>
    </ClCompile>
    <ClCompile Include="debug\moc_wbsddisplaywindow.cpp">
      <Filter>Generated Files</Filter>
    </ClCompile>
    <ClCompile Include="release\moc_wbsddisplaywindow.cpp">
      <Filter>Generated Files</Filter>
    </ClCompile>
    <ClCompile Include="debug\moc_wbsddoserwindow.cpp">
      <Filter>Generated Files</Filter>
    </ClCompile>
    <ClCompile Include="release\moc_wbsddoserwindow.cpp">
      <Filter>Generated Files</Filter>
    </ClCompile>
    <ClCompile Include="debug\moc_wbsddrink1_1window.cpp">
      <Filter>Generated Files</Filter>
    </ClCompile>
    <ClCompile Include="release\moc_wbsddrink1_1window.cpp">
      <Filter>Generated Files</Filter>
    </ClCompile>
    <ClCompile Include="debug\moc_wbsddrinkwindow.cpp">
      <Filter>Generated Files</Filter>
    </ClCompile>
    <ClCompile Include="release\moc_wbsddrinkwindow.cpp">
      <Filter>Generated Files</Filter>
    </ClCompile>
    <ClCompile Include="debug\moc_wbsdecowindow.cpp">
      <Filter>Generated Files</Filter>
    </ClCompile>
    <ClCompile Include="release\moc_wbsdecowindow.cpp">
      <Filter>Generated Files</Filter>
    </ClCompile>
    <ClCompile Include="debug\moc_wbsderrorwindow.cpp">
      <Filter>Generated Files</Filter>
    </ClCompile>
    <ClCompile Include="release\moc_wbsderrorwindow.cpp">
      <Filter>Generated Files</Filter>
    </ClCompile>
    <ClCompile Include="debug\moc_wbsdgeneralwindow.cpp">
      <Filter>Generated Files</Filter>
    </ClCompile>
    <ClCompile Include="release\moc_wbsdgeneralwindow.cpp">
      <Filter>Generated Files</Filter>
    </ClCompile>
    <ClCompile Include="debug\moc_wbsdheaterwindow.cpp">
      <Filter>Generated Files</Filter>
    </ClCompile>
    <ClCompile Include="release\moc_wbsdheaterwindow.cpp">
      <Filter>Generated Files</Filter>
    </ClCompile>
    <ClCompile Include="debug\moc_wbsdinstantwindow.cpp">
      <Filter>Generated Files</Filter>
    </ClCompile>
    <ClCompile Include="release\moc_wbsdinstantwindow.cpp">
      <Filter>Generated Files</Filter>
    </ClCompile>
    <ClCompile Include="debug\moc_wbsdmainwindow.cpp">
      <Filter>Generated Files</Filter>
    </ClCompile>
    <ClCompile Include="release\moc_wbsdmainwindow.cpp">
      <Filter>Generated Files</Filter>
    </ClCompile>
    <ClCompile Include="debug\moc_wbsdmixerswindow.cpp">
      <Filter>Generated Files</Filter>
    </ClCompile>
    <ClCompile Include="release\moc_wbsdmixerswindow.cpp">
      <Filter>Generated Files</Filter>
    </ClCompile>
    <ClCompile Include="debug\moc_wbsdoutletwindow.cpp">
      <Filter>Generated Files</Filter>
    </ClCompile>
    <ClCompile Include="release\moc_wbsdoutletwindow.cpp">
      <Filter>Generated Files</Filter>
    </ClCompile>
    <ClCompile Include="debug\moc_wbsdpumpwindow.cpp">
      <Filter>Generated Files</Filter>
    </ClCompile>
    <ClCompile Include="release\moc_wbsdpumpwindow.cpp">
      <Filter>Generated Files</Filter>
    </ClCompile>
    <ClCompile Include="debug\moc_wbsdstartpage.cpp">
      <Filter>Generated Files</Filter>
    </ClCompile>
    <ClCompile Include="release\moc_wbsdstartpage.cpp">
      <Filter>Generated Files</Filter>
    </ClCompile>
    <ClCompile Include="debug\moc_wbsdtestingwindow.cpp">
      <Filter>Generated Files</Filter>
    </ClCompile>
    <ClCompile Include="release\moc_wbsdtestingwindow.cpp">
      <Filter>Generated Files</Filter>
    </ClCompile>
    <ClCompile Include="debug\moc_wbsdtimewindow.cpp">
      <Filter>Generated Files</Filter>
    </ClCompile>
    <ClCompile Include="release\moc_wbsdtimewindow.cpp">
      <Filter>Generated Files</Filter>
    </ClCompile>
    <ClCompile Include="debug\moc_wbsdversionwindow.cpp">
      <Filter>Generated Files</Filter>
    </ClCompile>
    <ClCompile Include="release\moc_wbsdversionwindow.cpp">
      <Filter>Generated Files</Filter>
    </ClCompile>
    <ClCompile Include="debug\moc_wbsdwaterwindow.cpp">
      <Filter>Generated Files</Filter>
    </ClCompile>
    <ClCompile Include="release\moc_wbsdwaterwindow.cpp">
      <Filter>Generated Files</Filter>
    </ClCompile>
    <ClCompile Include="debug\moc_wbsdwidget.cpp">
      <Filter>Generated Files</Filter>
    </ClCompile>
    <ClCompile Include="release\moc_wbsdwidget.cpp">
      <Filter>Generated Files</Filter>
    </ClCompile>
    <ClCompile Include="debug\qrc_lang.cpp">
      <Filter>Generated Files</Filter>
    </ClCompile>
    <ClCompile Include="release\qrc_lang.cpp">
      <Filter>Generated Files</Filter>
    </ClCompile>
    <ClCompile Include="debug\qrc_tutpics.cpp">
      <Filter>Generated Files</Filter>
    </ClCompile>
    <ClCompile Include="release\qrc_tutpics.cpp">
      <Filter>Generated Files</Filter>
    </ClCompile>
    <ClInclude Include="ui_bibrecipe.h">
      <Filter>Generated Files</Filter>
    </ClInclude>
    <ClInclude Include="ui_counters.h">
      <Filter>Generated Files</Filter>
    </ClInclude>
    <ClInclude Include="ui_generalrecipe.h">
      <Filter>Generated Files</Filter>
    </ClInclude>
    <ClInclude Include="ui_instrecipe.h">
      <Filter>Generated Files</Filter>
    </ClInclude>
    <ClInclude Include="ui_mainwindow.h">
      <Filter>Generated Files</Filter>
    </ClInclude>
    <ClInclude Include="ui_noconnection.h">
      <Filter>Generated Files</Filter>
    </ClInclude>
    <ClInclude Include="ui_recipe.h">
      <Filter>Generated Files</Filter>
    </ClInclude>
    <ClInclude Include="ui_valchanger.h">
      <Filter>Generated Files</Filter>
    </ClInclude>
    <ClInclude Include="ui_wbsdboilerwindow.h">
      <Filter>Generated Files</Filter>
    </ClInclude>
    <ClInclude Include="ui_wbsdbuttoncounters.h">
      <Filter>Generated Files</Filter>
    </ClInclude>
    <ClInclude Include="ui_wbsdbuttontestwindow.h">
      <Filter>Generated Files</Filter>
    </ClInclude>
    <ClInclude Include="ui_wbsdcleaningwindow.h">
      <Filter>Generated Files</Filter>
    </ClInclude>
    <ClInclude Include="ui_wbsdcoolingwindow.h">
      <Filter>Generated Files</Filter>
    </ClInclude>
    <ClInclude Include="ui_wbsdcounterswindow.h">
      <Filter>Generated Files</Filter>
    </ClInclude>
    <ClInclude Include="ui_wbsddisplayoptwindow.h">
      <Filter>Generated Files</Filter>
    </ClInclude>
    <ClInclude Include="ui_wbsddisplaywindow.h">
      <Filter>Generated Files</Filter>
    </ClInclude>
    <ClInclude Include="ui_wbsddoserwindow.h">
      <Filter>Generated Files</Filter>
    </ClInclude>
    <ClInclude Include="ui_wbsddrink1_1window.h">
      <Filter>Generated Files</Filter>
    </ClInclude>
    <ClInclude Include="ui_wbsddrinkwindow.h">
      <Filter>Generated Files</Filter>
    </ClInclude>
    <ClInclude Include="ui_wbsdecowindow.h">
      <Filter>Generated Files</Filter>
    </ClInclude>
    <ClInclude Include="ui_wbsderrorwindow.h">
      <Filter>Generated Files</Filter>
    </ClInclude>
    <ClInclude Include="ui_wbsdgeneralwindow.h">
      <Filter>Generated Files</Filter>
    </ClInclude>
    <ClInclude Include="ui_wbsdheaterwindow.h">
      <Filter>Generated Files</Filter>
    </ClInclude>
    <ClInclude Include="ui_wbsdinstantwindow.h">
      <Filter>Generated Files</Filter>
    </ClInclude>
    <ClInclude Include="ui_wbsdmainwindow.h">
      <Filter>Generated Files</Filter>
    </ClInclude>
    <ClInclude Include="ui_wbsdmixerswindow.h">
      <Filter>Generated Files</Filter>
    </ClInclude>
    <ClInclude Include="ui_wbsdoutletwindow.h">
      <Filter>Generated Files</Filter>
    </ClInclude>
    <ClInclude Include="ui_wbsdpumpwindow.h">
      <Filter>Generated Files</Filter>
    </ClInclude>
    <ClInclude Include="ui_wbsdstartpage.h">
      <Filter>Generated Files</Filter>
    </ClInclude>
    <ClInclude Include="ui_wbsdtestingwindow.h">
      <Filter>Generated Files</Filter>
    </ClInclude>
    <ClInclude Include="ui_wbsdtimewindow.h">
      <Filter>Generated Files</Filter>
    </ClInclude>
    <ClInclude Include="ui_wbsdversionwindow.h">
      <Filter>Generated Files</Filter>
    </ClInclude>
    <ClInclude Include="ui_wbsdwaterwindow.h">
      <Filter>Generated Files</Filter>
    </ClInclude>
  </ItemGroup>
  <ItemGroup>
    <None Include="lang\en_gb.ts">
      <Filter>Translation Files</Filter>
    </None>
    <None Include="lang\sv_sv.ts">
      <Filter>Translation Files</Filter>
    </None>
  </ItemGroup>
  <ItemGroup>
    <CustomBuild Include="bibrecipe.ui">
      <Filter>Form Files</Filter>
    </CustomBuild>
    <CustomBuild Include="counters.ui">
      <Filter>Form Files</Filter>
    </CustomBuild>
    <CustomBuild Include="generalrecipe.ui">
      <Filter>Form Files</Filter>
    </CustomBuild>
    <CustomBuild Include="instrecipe.ui">
      <Filter>Form Files</Filter>
    </CustomBuild>
    <CustomBuild Include="mainwindow.ui">
      <Filter>Form Files</Filter>
    </CustomBuild>
    <CustomBuild Include="noconnection.ui">
      <Filter>Form Files</Filter>
    </CustomBuild>
    <CustomBuild Include="recipe.ui">
      <Filter>Form Files</Filter>
    </CustomBuild>
    <CustomBuild Include="valchanger.ui">
      <Filter>Form Files</Filter>
    </CustomBuild>
    <CustomBuild Include="wbsdboilerwindow.ui">
      <Filter>Form Files</Filter>
    </CustomBuild>
    <CustomBuild Include="wbsdbuttoncounters.ui">
      <Filter>Form Files</Filter>
    </CustomBuild>
    <CustomBuild Include="wbsdbuttontestwindow.ui">
      <Filter>Form Files</Filter>
    </CustomBuild>
    <CustomBuild Include="wbsdcleaningwindow.ui">
      <Filter>Form Files</Filter>
    </CustomBuild>
    <CustomBuild Include="wbsdcoolingwindow.ui">
      <Filter>Form Files</Filter>
    </CustomBuild>
    <CustomBuild Include="wbsdcounterswindow.ui">
      <Filter>Form Files</Filter>
    </CustomBuild>
    <CustomBuild Include="wbsddisplayoptwindow.ui">
      <Filter>Form Files</Filter>
    </CustomBuild>
    <CustomBuild Include="wbsddisplaywindow.ui">
      <Filter>Form Files</Filter>
    </CustomBuild>
    <CustomBuild Include="wbsddoserwindow.ui">
      <Filter>Form Files</Filter>
    </CustomBuild>
    <CustomBuild Include="wbsddrink1_1window.ui">
      <Filter>Form Files</Filter>
    </CustomBuild>
    <CustomBuild Include="wbsddrinkwindow.ui">
      <Filter>Form Files</Filter>
    </CustomBuild>
    <CustomBuild Include="wbsdecowindow.ui">
      <Filter>Form Files</Filter>
    </CustomBuild>
    <CustomBuild Include="wbsderrorwindow.ui">
      <Filter>Form Files</Filter>
    </CustomBuild>
    <CustomBuild Include="wbsdgeneralwindow.ui">
      <Filter>Form Files</Filter>
    </CustomBuild>
    <CustomBuild Include="wbsdheaterwindow.ui">
      <Filter>Form Files</Filter>
    </CustomBuild>
    <CustomBuild Include="wbsdinstantwindow.ui">
      <Filter>Form Files</Filter>
    </CustomBuild>
    <CustomBuild Include="wbsdmainwindow.ui">
      <Filter>Form Files</Filter>
    </CustomBuild>
    <CustomBuild Include="wbsdmixerswindow.ui">
      <Filter>Form Files</Filter>
    </CustomBuild>
    <CustomBuild Include="wbsdoutletwindow.ui">
      <Filter>Form Files</Filter>
    </CustomBuild>
    <CustomBuild Include="wbsdpumpwindow.ui">
      <Filter>Form Files</Filter>
    </CustomBuild>
    <CustomBuild Include="wbsdstartpage.ui">
      <Filter>Form Files</Filter>
    </CustomBuild>
    <CustomBuild Include="wbsdtestingwindow.ui">
      <Filter>Form Files</Filter>
    </CustomBuild>
    <CustomBuild Include="wbsdtimewindow.ui">
      <Filter>Form Files</Filter>
    </CustomBuild>
    <CustomBuild Include="wbsdversionwindow.ui">
      <Filter>Form Files</Filter>
    </CustomBuild>
    <CustomBuild Include="wbsdwaterwindow.ui">
      <Filter>Form Files</Filter>
    </CustomBuild>
  </ItemGroup>
  <ItemGroup>
    <None Include="1.png">
      <Filter>Resource Files</Filter>
    </None>
    <None Include="2.png">
      <Filter>Resource Files</Filter>
    </None>
    <None Include="3.png">
      <Filter>Resource Files</Filter>
    </None>
    <None Include="4.png">
      <Filter>Resource Files</Filter>
    </None>
    <None Include="lang\en_gb.qm">
      <Filter>Resource Files</Filter>
    </None>
    <None Include="lang\en_gb.ts">
      <Filter>Resource Files</Filter>
    </None>
    <CustomBuild Include="lang.qrc">
      <Filter>Resource Files</Filter>
    </CustomBuild>
    <None Include="lang\sv_sv.qm">
      <Filter>Resource Files</Filter>
    </None>
    <None Include="lang\sv_sv.ts">
      <Filter>Resource Files</Filter>
    </None>
    <CustomBuild Include="tutpics.qrc">
      <Filter>Resource Files</Filter>
    </CustomBuild>
  </ItemGroup>
</Project>